
Microsoft Visual Studio Solution File, Format Version 12.00
# Visual Studio Version 17
VisualStudioVersion = 17.8.34322.80
MinimumVisualStudioVersion = 10.0.40219.1
Project("{9A19103F-16F7-4668-BE54-9A1E7A4F7556}") = "FundaSorterApi", "FundaSorterApi\FundaSorterApi.csproj", "{829449E0-2101-4A97-94B8-60F0BF4A9431}"
EndProject
Project("{E53339B2-1760-4266-BCC7-CA923CBCF16C}") = "docker-compose", "docker-compose.dcproj", "{8620133E-A37E-41D7-AAC5-B53C61D6331A}"
EndProject
Global
	GlobalSection(SolutionConfigurationPlatforms) = preSolution
		Debug|Any CPU = Debug|Any CPU
		Release|Any CPU = Release|Any CPU
	EndGlobalSection
	GlobalSection(ProjectConfigurationPlatforms) = postSolution
		{829449E0-2101-4A97-94B8-60F0BF4A9431}.Debug|Any CPU.ActiveCfg = Debug|Any CPU
		{829449E0-2101-4A97-94B8-60F0BF4A9431}.Debug|Any CPU.Build.0 = Debug|Any CPU
		{829449E0-2101-4A97-94B8-60F0BF4A9431}.Release|Any CPU.ActiveCfg = Release|Any CPU
		{829449E0-2101-4A97-94B8-60F0BF4A9431}.Release|Any CPU.Build.0 = Release|Any CPU
		{8620133E-A37E-41D7-AAC5-B53C61D6331A}.Debug|Any CPU.ActiveCfg = Debug|Any CPU
		{8620133E-A37E-41D7-AAC5-B53C61D6331A}.Debug|Any CPU.Build.0 = Debug|Any CPU
		{8620133E-A37E-41D7-AAC5-B53C61D6331A}.Release|Any CPU.ActiveCfg = Release|Any CPU
		{8620133E-A37E-41D7-AAC5-B53C61D6331A}.Release|Any CPU.Build.0 = Release|Any CPU
	EndGlobalSection
	GlobalSection(SolutionProperties) = preSolution
		HideSolutionNode = FALSE
	EndGlobalSection
	GlobalSection(ExtensibilityGlobals) = postSolution
		SolutionGuid = {477CEDC1-CDA0-48F9-8A67-290B8BA80E12}
	EndGlobalSection
EndGlobal
